// !$*UTF8*$!
{
	archiveVersion = 1;
	classes = {
	};
	objectVersion = 46;
	objects = {

/* Begin PBXBuildFile section */
		63A48D971C45AD25002C7516 /* AppDelegate.swift in Sources */ = {isa = PBXBuildFile; fileRef = 63A48D961C45AD25002C7516 /* AppDelegate.swift */; };
		63A48D991C45AD25002C7516 /* ViewController.swift in Sources */ = {isa = PBXBuildFile; fileRef = 63A48D981C45AD25002C7516 /* ViewController.swift */; };
		63A48D9C1C45AD25002C7516 /* Main.storyboard in Resources */ = {isa = PBXBuildFile; fileRef = 63A48D9A1C45AD25002C7516 /* Main.storyboard */; };
		63A48D9E1C45AD25002C7516 /* Assets.xcassets in Resources */ = {isa = PBXBuildFile; fileRef = 63A48D9D1C45AD25002C7516 /* Assets.xcassets */; };
		63A48DA11C45AD25002C7516 /* LaunchScreen.storyboard in Resources */ = {isa = PBXBuildFile; fileRef = 63A48D9F1C45AD25002C7516 /* LaunchScreen.storyboard */; };
/* End PBXBuildFile section */

/* Begin PBXFileReference section */
		63A48D931C45AD25002C7516 /* App_TableView_PersistencyDataBasic.app */ = {isa = PBXFileReference; explicitFileType = wrapper.application; includeInIndex = 0; path = App_TableView_PersistencyDataBasic.app; sourceTree = BUILT_PRODUCTS_DIR; };
		63A48D961C45AD25002C7516 /* AppDelegate.swift */ = {isa = PBXFileReference; lastKnownFileType = sourcecode.swift; path = AppDelegate.swift; sourceTree = "<group>"; };
		63A48D981C45AD25002C7516 /* ViewController.swift */ = {isa = PBXFileReference; lastKnownFileType = sourcecode.swift; path = ViewController.swift; sourceTree = "<group>"; };
		63A48D9B1C45AD25002C7516 /* Base */ = {isa = PBXFileReference; lastKnownFileType = file.storyboard; name = Base; path = Base.lproj/Main.storyboard; sourceTree = "<group>"; };
		63A48D9D1C45AD25002C7516 /* Assets.xcassets */ = {isa = PBXFileReference; lastKnownFileType = folder.assetcatalog; path = Assets.xcassets; sourceTree = "<group>"; };
		63A48DA01C45AD25002C7516 /* Base */ = {isa = PBXFileReference; lastKnownFileType = file.storyboard; name = Base; path = Base.lproj/LaunchScreen.storyboard; sourceTree = "<group>"; };
		63A48DA21C45AD25002C7516 /* Info.plist */ = {isa = PBXFileReference; lastKnownFileType = text.plist.xml; path = Info.plist; sourceTree = "<group>"; };
/* End PBXFileReference section */

/* Begin PBXFrameworksBuildPhase section */
		63A48D901C45AD25002C7516 /* Frameworks */ = {
			isa = PBXFrameworksBuildPhase;
			buildActionMask = 2147483647;
			files = (
			);
			runOnlyForDeploymentPostprocessing = 0;
		};
/* End PBXFrameworksBuildPhase section */

/* Begin PBXGroup section */
		63A48D8A1C45AD25002C7516 = {
			isa = PBXGroup;
			children = (
				63A48D951C45AD25002C7516 /* App_TableView_PersistencyDataBasic */,
				63A48D941C45AD25002C7516 /* Products */,
			);
			sourceTree = "<group>";
		};
		63A48D941C45AD25002C7516 /* Products */ = {
			isa = PBXGroup;
			children = (
				63A48D931C45AD25002C7516 /* App_TableView_PersistencyDataBasic.app */,
			);
			name = Products;
			sourceTree = "<group>";
		};
		63A48D951C45AD25002C7516 /* App_TableView_PersistencyDataBasic */ = {
			isa = PBXGroup;
			children = (
				63A48D961C45AD25002C7516 /* AppDelegate.swift */,
				63A48D981C45AD25002C7516 /* ViewController.swift */,
				63A48D9A1C45AD25002C7516 /* Main.storyboard */,
				63A48D9D1C45AD25002C7516 /* Assets.xcassets */,
				63A48D9F1C45AD25002C7516 /* LaunchScreen.storyboard */,
				63A48DA21C45AD25002C7516 /* Info.plist */,
			);
			path = App_TableView_PersistencyDataBasic;
			sourceTree = "<group>";
		};
/* End PBXGroup section */

/* Begin PBXNativeTarget section */
		63A48D921C45AD25002C7516 /* App_TableView_PersistencyDataBasic */ = {
			isa = PBXNativeTarget;
			buildConfigurationList = 63A48DA51C45AD25002C7516 /* Build configuration list for PBXNativeTarget "App_TableView_PersistencyDataBasic" */;
			buildPhases = (
				63A48D8F1C45AD25002C7516 /* Sources */,
				63A48D901C45AD25002C7516 /* Frameworks */,
				63A48D911C45AD25002C7516 /* Resources */,
			);
			buildRules = (
			);
			dependencies = (
			);
			name = App_TableView_PersistencyDataBasic;
			productName = App_TableView_PersistencyDataBasic;
			productReference = 63A48D931C45AD25002C7516 /* App_TableView_PersistencyDataBasic.app */;
			productType = "com.apple.product-type.application";
		};
/* End PBXNativeTarget section */

/* Begin PBXProject section */
		63A48D8B1C45AD25002C7516 /* Project object */ = {
			isa = PBXProject;
			attributes = {
				LastSwiftUpdateCheck = 0720;
				LastUpgradeCheck = 0720;
				ORGANIZATIONNAME = iCologic;
				TargetAttributes = {
					63A48D921C45AD25002C7516 = {
						CreatedOnToolsVersion = 7.2;
					};
				};
			};
			buildConfigurationList = 63A48D8E1C45AD25002C7516 /* Build configuration list for PBXProject "App_TableView_PersistencyDataBasic" */;
			compatibilityVersion = "Xcode 3.2";
			developmentRegion = English;
			hasScannedForEncodings = 0;
			knownRegions = (
				en,
				Base,
			);
			mainGroup = 63A48D8A1C45AD25002C7516;
			productRefGroup = 63A48D941C45AD25002C7516 /* Products */;
			projectDirPath = "";
			projectRoot = "";
			targets = (
				63A48D921C45AD25002C7516 /* App_TableView_PersistencyDataBasic */,
			);
		};
/* End PBXProject section */

/* Begin PBXResourcesBuildPhase section */
		63A48D911C45AD25002C7516 /* Resources */ = {
			isa = PBXResourcesBuildPhase;
			buildActionMask = 2147483647;
			files = (
				63A48DA11C45AD25002C7516 /* LaunchScreen.storyboard in Resources */,
				63A48D9E1C45AD25002C7516 /* Assets.xcassets in Resources */,
				63A48D9C1C45AD25002C7516 /* Main.storyboard in Resources */,
			);
			runOnlyForDeploymentPostprocessing = 0;
		};
/* End PBXResourcesBuildPhase section */

/* Begin PBXSourcesBuildPhase section */
		63A48D8F1C45AD25002C7516 /* Sources */ = {
			isa = PBXSourcesBuildPhase;
			buildActionMask = 2147483647;
			files = (
				63A48D991C45AD25002C7516 /* ViewController.swift in Sources */,
				63A48D971C45AD25002C7516 /* AppDelegate.swift in Sources */,
			);
			runOnlyForDeploymentPostprocessing = 0;
		};
/* End PBXSourcesBuildPhase section */

/* Begin PBXVariantGroup section */
		63A48D9A1C45AD25002C7516 /* Main.storyboard */ = {
			isa = PBXVariantGroup;
			children = (
				63A48D9B1C45AD25002C7516 /* Base */,
			);
			name = Main.storyboard;
			sourceTree = "<group>";
		};
		63A48D9F1C45AD25002C7516 /* LaunchScreen.storyboard */ = {
			isa = PBXVariantGroup;
			children = (
				63A48DA01C45AD25002C7516 /* Base */,
			);
			name = LaunchScreen.storyboard;
			sourceTree = "<group>";
		};
/* End PBXVariantGroup section */

/* Begin XCBuildConfiguration section */
		63A48DA31C45AD25002C7516 /* Debug */ = {
			isa = XCBuildConfiguration;
			buildSettings = {
				ALWAYS_SEARCH_USER_PATHS = NO;
				CLANG_CXX_LANGUAGE_STANDARD = "gnu++0x";
				CLANG_CXX_LIBRARY = "libc++";
				CLANG_ENABLE_MODULES = YES;
				CLANG_ENABLE_OBJC_ARC = YES;
				CLANG_WARN_BOOL_CONVERSION = YES;
				CLANG_WARN_CONSTANT_CONVERSION = YES;
				CLANG_WARN_DIRECT_OBJC_ISA_USAGE = YES_ERROR;
				CLANG_WARN_EMPTY_BODY = YES;
				CLANG_WARN_ENUM_CONVERSION = YES;
				CLANG_WARN_INT_CONVERSION = YES;
				CLANG_WARN_OBJC_ROOT_CLASS = YES_ERROR;
				CLANG_WARN_UNREACHABLE_CODE = YES;
				CLANG_WARN__DUPLICATE_METHOD_MATCH = YES;
				"CODE_SIGN_IDENTITY[sdk=iphoneos*]" = "iPhone Developer";
				COPY_PHASE_STRIP = NO;
				DEBUG_INFORMATION_FORMAT = dwarf;
				ENABLE_STRICT_OBJC_MSGSEND = YES;
				ENABLE_TESTABILITY = YES;
				GCC_C_LANGUAGE_STANDARD = gnu99;
				GCC_DYNAMIC_NO_PIC = NO;
				GCC_NO_COMMON_BLOCKS = YES;
				GCC_OPTIMIZATION_LEVEL = 0;
				GCC_PREPROCESSOR_DEFINITIONS = (
					"DEBUG=1",
					"$(inherited)",
				);
				GCC_WARN_64_TO_32_BIT_CONVERSION = YES;
				GCC_WARN_ABOUT_RETURN_TYPE = YES_ERROR;
				GCC_WARN_UNDECLARED_SELECTOR = YES;
				GCC_WARN_UNINITIALIZED_AUTOS = YES_AGGRESSIVE;
				GCC_WARN_UNUSED_FUNCTION = YES;
				GCC_WARN_UNUSED_VARIABLE = YES;
				IPHONEOS_DEPLOYMENT_TARGET = 9.2;
				MTL_ENABLE_DEBUG_INFO = YES;
				ONLY_ACTIVE_ARCH = YES;
				SDKROOT = iphoneos;
				SWIFT_OPTIMIZATION_LEVEL = "-Onone";
			};
			name = Debug;
		};
		63A48DA41C45AD25002C7516 /* Release */ = {
			isa = XCBuildConfiguration;
			buildSettings = {
				ALWAYS_SEARCH_USER_PATHS = NO;
				CLANG_CXX_LANGUAGE_STANDARD = "gnu++0x";
				CLANG_CXX_LIBRARY = "libc++";
				CLANG_ENABLE_MODULES = YES;
				CLANG_ENABLE_OBJC_ARC = YES;
				CLANG_WARN_BOOL_CONVERSION = YES;
				CLANG_WARN_CONSTANT_CONVERSION = YES;
				CLANG_WARN_DIRECT_OBJC_ISA_USAGE = YES_ERROR;
				CLANG_WARN_EMPTY_BODY = YES;
				CLANG_WARN_ENUM_CONVERSION = YES;
				CLANG_WARN_INT_CONVERSION = YES;
				CLANG_WARN_OBJC_ROOT_CLASS = YES_ERROR;
				CLANG_WARN_UNREACHABLE_CODE = YES;
				CLANG_WARN__DUPLICATE_METHOD_MATCH = YES;
				"CODE_SIGN_IDENTITY[sdk=iphoneos*]" = "iPhone Developer";
				COPY_PHASE_STRIP = NO;
				DEBUG_INFORMATION_FORMAT = "dwarf-with-dsym";
				ENABLE_NS_ASSERTIONS = NO;
				ENABLE_STRICT_OBJC_MSGSEND = YES;
				GCC_C_LANGUAGE_STANDARD = gnu99;
				GCC_NO_COMMON_BLOCKS = YES;
				GCC_WARN_64_TO_32_BIT_CONVERSION = YES;
				GCC_WARN_ABOUT_RETURN_TYPE = YES_ERROR;
				GCC_WARN_UNDECLARED_SELECTOR = YES;
				GCC_WARN_UNINITIALIZED_AUTOS = YES_AGGRESSIVE;
				GCC_WARN_UNUSED_FUNCTION = YES;
				GCC_WARN_UNUSED_VARIABLE = YES;
				IPHONEOS_DEPLOYMENT_TARGET = 9.2;
				MTL_ENABLE_DEBUG_INFO = NO;
				SDKROOT = iphoneos;
				VALIDATE_PRODUCT = YES;
			};
			name = Release;
		};
		63A48DA61C45AD25002C7516 /* Debug */ = {
			isa = XCBuildConfiguration;
			buildSettings = {
				ASSETCATALOG_COMPILER_APPICON_NAME = AppIcon;
				INFOPLIST_FILE = App_TableView_PersistencyDataBasic/Info.plist;
				LD_RUNPATH_SEARCH_PATHS = "$(inherited) @executable_path/Frameworks";
				PRODUCT_BUNDLE_IDENTIFIER = "com.icologic.App-TableView-PersistencyDataBasic";
				PRODUCT_NAME = "$(TARGET_NAME)";
			};
			name = Debug;
		};
		63A48DA71C45AD25002C7516 /* Release */ = {
			isa = XCBuildConfiguration;
			buildSettings = {
				ASSETCATALOG_COMPILER_APPICON_NAME = AppIcon;
				INFOPLIST_FILE = App_TableView_PersistencyDataBasic/Info.plist;
				LD_RUNPATH_SEARCH_PATHS = "$(inherited) @executable_path/Frameworks";
				PRODUCT_BUNDLE_IDENTIFIER = "com.icologic.App-TableView-PersistencyDataBasic";
				PRODUCT_NAME = "$(TARGET_NAME)";
			};
			name = Release;
		};
/* End XCBuildConfiguration section */

/* Begin XCConfigurationList section */
		63A48D8E1C45AD25002C7516 /* Build configuration list for PBXProject "App_TableView_PersistencyDataBasic" */ = {
			isa = XCConfigurationList;
			buildConfigurations = (
				63A48DA31C45AD25002C7516 /* Debug */,
				63A48DA41C45AD25002C7516 /* Release */,
			);
			defaultConfigurationIsVisible = 0;
			defaultConfigurationName = Release;
		};
		63A48DA51C45AD25002C7516 /* Build configuration list for PBXNativeTarget "App_TableView_PersistencyDataBasic" */ = {
			isa = XCConfigurationList;
			buildConfigurations = (
				63A48DA61C45AD25002C7516 /* Debug */,
				63A48DA71C45AD25002C7516 /* Release */,
			);
			defaultConfigurationIsVisible = 0;
		};
/* End XCConfigurationList section */
	};
	rootObject = 63A48D8B1C45AD25002C7516 /* Project object */;
}
